
Microsoft Visual Studio Solution File, Format Version 12.00
# Visual Studio Version 16
VisualStudioVersion = 16.0.30804.86
MinimumVisualStudioVersion = 10.0.40219.1
Project("{9A19103F-16F7-4668-BE54-9A1E7A4F7556}") = "HotelFinder.Entities", "HotelFinder.Entities\HotelFinder.Entities.csproj", "{2AF7BFD9-8A8A-4701-B839-44A133784B09}"
EndProject
Project("{9A19103F-16F7-4668-BE54-9A1E7A4F7556}") = "HotelFinder.DataAccess", "HotelFinder.DataAccess\HotelFinder.DataAccess.csproj", "{D5D798C9-B251-4563-9BC0-0AF53B072AE0}"
EndProject
Project("{FAE04EC0-301F-11D3-BF4B-00C04F79EFBC}") = "HotelFinder.Business", "HotelFinder.Business\HotelFinder.Business.csproj", "{CEE93A38-2262-484D-B40C-D77A39BB2E22}"
EndProject
Project("{FAE04EC0-301F-11D3-BF4B-00C04F79EFBC}") = "HotelFinder.API", "HotelFinder.API\HotelFinder.API.csproj", "{C11930E0-33D6-401A-AB80-5C0313BDC364}"
EndProject
Global
	GlobalSection(SolutionConfigurationPlatforms) = preSolution
		Debug|Any CPU = Debug|Any CPU
		Release|Any CPU = Release|Any CPU
	EndGlobalSection
	GlobalSection(ProjectConfigurationPlatforms) = postSolution
		{2AF7BFD9-8A8A-4701-B839-44A133784B09}.Debug|Any CPU.ActiveCfg = Debug|Any CPU
		{2AF7BFD9-8A8A-4701-B839-44A133784B09}.Debug|Any CPU.Build.0 = Debug|Any CPU
		{2AF7BFD9-8A8A-4701-B839-44A133784B09}.Release|Any CPU.ActiveCfg = Release|Any CPU
		{2AF7BFD9-8A8A-4701-B839-44A133784B09}.Release|Any CPU.Build.0 = Release|Any CPU
		{D5D798C9-B251-4563-9BC0-0AF53B072AE0}.Debug|Any CPU.ActiveCfg = Debug|Any CPU
		{D5D798C9-B251-4563-9BC0-0AF53B072AE0}.Debug|Any CPU.Build.0 = Debug|Any CPU
		{D5D798C9-B251-4563-9BC0-0AF53B072AE0}.Release|Any CPU.ActiveCfg = Release|Any CPU
		{D5D798C9-B251-4563-9BC0-0AF53B072AE0}.Release|Any CPU.Build.0 = Release|Any CPU
		{CEE93A38-2262-484D-B40C-D77A39BB2E22}.Debug|Any CPU.ActiveCfg = Debug|Any CPU
		{CEE93A38-2262-484D-B40C-D77A39BB2E22}.Debug|Any CPU.Build.0 = Debug|Any CPU
		{CEE93A38-2262-484D-B40C-D77A39BB2E22}.Release|Any CPU.ActiveCfg = Release|Any CPU
		{CEE93A38-2262-484D-B40C-D77A39BB2E22}.Release|Any CPU.Build.0 = Release|Any CPU
		{C11930E0-33D6-401A-AB80-5C0313BDC364}.Debug|Any CPU.ActiveCfg = Debug|Any CPU
		{C11930E0-33D6-401A-AB80-5C0313BDC364}.Debug|Any CPU.Build.0 = Debug|Any CPU
		{C11930E0-33D6-401A-AB80-5C0313BDC364}.Release|Any CPU.ActiveCfg = Release|Any CPU
		{C11930E0-33D6-401A-AB80-5C0313BDC364}.Release|Any CPU.Build.0 = Release|Any CPU
	EndGlobalSection
	GlobalSection(SolutionProperties) = preSolution
		HideSolutionNode = FALSE
	EndGlobalSection
	GlobalSection(ExtensibilityGlobals) = postSolution
		SolutionGuid = {B80925EF-122C-41BA-8138-89FFD1ED70D8}
	EndGlobalSection
EndGlobal
